PODS:
  - Alamofire (4.6.0)
  - QRCode (0.0.1)

DEPENDENCIES:
  - Alamofire (~> 4.5)
  - QRCode (from `https://github.com/schenkty/QRCode.git`, tag `v0.0.1`)

EXTERNAL SOURCES:
  QRCode:
    :git: https://github.com/schenkty/QRCode.git
    :tag: v0.0.1

CHECKOUT OPTIONS:
  QRCode:
    :git: https://github.com/schenkty/QRCode.git
    :tag: v0.0.1

SPEC CHECKSUMS:
  Alamofire: f41a599bd63041760b26d393ec1069d9d7b917f4
  QRCode: f44d6f3ee4355c7bc928159f529a2325400eb033

PODFILE CHECKSUM: b12a47afc7424870e57bedc6a38f2637b396f53e

COCOAPODS: 1.4.0
